
Microsoft Visual Studio Solution File, Format Version 12.00
# Visual Studio 14
VisualStudioVersion = 14.0.25420.1
MinimumVisualStudioVersion = 10.0.40219.1
Project("{8BC9CEB8-8B4A-11D0-8D11-00A0C91BC942}") = "vs", "vs.vcxproj", "{AC6048E2-C845-4370-BF23-CAF8A45E184B}"
EndProject
Global
	GlobalSection(SolutionConfigurationPlatforms) = preSolution
		Debug|x64 = Debug|x64
		Debug|x86 = Debug|x86
		Perf|x64 = Perf|x64
		Perf|x86 = Perf|x86
		Release|x64 = Release|x64
		Release|x86 = Release|x86
	EndGlobalSection
	GlobalSection(ProjectConfigurationPlatforms) = postSolution
		{AC6048E2-C845-4370-BF23-CAF8A45E184B}.Debug|x64.ActiveCfg = Debug|x64
		{AC6048E2-C845-4370-BF23-CAF8A45E184B}.Debug|x64.Build.0 = Debug|x64
		{AC6048E2-C845-4370-BF23-CAF8A45E184B}.Debug|x86.ActiveCfg = Debug|Win32
		{AC6048E2-C845-4370-BF23-CAF8A45E184B}.Debug|x86.Build.0 = Debug|Win32
		{AC6048E2-C845-4370-BF23-CAF8A45E184B}.Perf|x64.ActiveCfg = Perf|x64
		{AC6048E2-C845-4370-BF23-CAF8A45E184B}.Perf|x64.Build.0 = Perf|x64
		{AC6048E2-C845-4370-BF23-CAF8A45E184B}.Perf|x86.ActiveCfg = Perf|Win32
		{AC6048E2-C845-4370-BF23-CAF8A45E184B}.Perf|x86.Build.0 = Perf|Win32
		{AC6048E2-C845-4370-BF23-CAF8A45E184B}.Release|x64.ActiveCfg = Release|x64
		{AC6048E2-C845-4370-BF23-CAF8A45E184B}.Release|x64.Build.0 = Release|x64
		{AC6048E2-C845-4370-BF23-CAF8A45E184B}.Release|x86.ActiveCfg = Release|Win32
		{AC6048E2-C845-4370-BF23-CAF8A45E184B}.Release|x86.Build.0 = Release|Win32
	EndGlobalSection
	GlobalSection(SolutionProperties) = preSolution
		HideSolutionNode = FALSE
	EndGlobalSection
EndGlobal
